// !$*UTF8*$!
{
	archiveVersion = 1;
	classes = {
	};
	objectVersion = 46;
	objects = {

/* Begin PBXBuildFile section */
		A616717D1A6A2B8700AF0163 /* AppDelegate.swift in Sources */ = {isa = PBXBuildFile; fileRef = A616717C1A6A2B8700AF0163 /* AppDelegate.swift */; };
		A61671801A6A2B8700AF0163 /* SwiftStudyVol3.xcdatamodeld in Sources */ = {isa = PBXBuildFile; fileRef = A616717E1A6A2B8700AF0163 /* SwiftStudyVol3.xcdatamodeld */; };
		A61671821A6A2B8700AF0163 /* ViewController.swift in Sources */ = {isa = PBXBuildFile; fileRef = A61671811A6A2B8700AF0163 /* ViewController.swift */; };
		A61671851A6A2B8700AF0163 /* Main.storyboard in Resources */ = {isa = PBXBuildFile; fileRef = A61671831A6A2B8700AF0163 /* Main.storyboard */; };
		A61671871A6A2B8700AF0163 /* Images.xcassets in Resources */ = {isa = PBXBuildFile; fileRef = A61671861A6A2B8700AF0163 /* Images.xcassets */; };
		A616718A1A6A2B8700AF0163 /* LaunchScreen.xib in Resources */ = {isa = PBXBuildFile; fileRef = A61671881A6A2B8700AF0163 /* LaunchScreen.xib */; };
		A61671961A6A2B8700AF0163 /* SwiftStudyVol3Tests.swift in Sources */ = {isa = PBXBuildFile; fileRef = A61671951A6A2B8700AF0163 /* SwiftStudyVol3Tests.swift */; };
		A61671A01A6A2BB300AF0163 /* ViewControllerA.swift in Sources */ = {isa = PBXBuildFile; fileRef = A616719F1A6A2BB300AF0163 /* ViewControllerA.swift */; };
		A61671A21A6A2BBE00AF0163 /* ViewControllerB.swift in Sources */ = {isa = PBXBuildFile; fileRef = A61671A11A6A2BBE00AF0163 /* ViewControllerB.swift */; };
/* End PBXBuildFile section */

/* Begin PBXContainerItemProxy section */
		A61671901A6A2B8700AF0163 /* PBXContainerItemProxy */ = {
			isa = PBXContainerItemProxy;
			containerPortal = A616716F1A6A2B8700AF0163 /* Project object */;
			proxyType = 1;
			remoteGlobalIDString = A61671761A6A2B8700AF0163;
			remoteInfo = SwiftStudyVol3;
		};
/* End PBXContainerItemProxy section */

/* Begin PBXFileReference section */
		A61671771A6A2B8700AF0163 /* SwiftStudyVol3.app */ = {isa = PBXFileReference; explicitFileType = wrapper.application; includeInIndex = 0; path = SwiftStudyVol3.app; sourceTree = BUILT_PRODUCTS_DIR; };
		A616717B1A6A2B8700AF0163 /* Info.plist */ = {isa = PBXFileReference; lastKnownFileType = text.plist.xml; path = Info.plist; sourceTree = "<group>"; };
		A616717C1A6A2B8700AF0163 /* AppDelegate.swift */ = {isa = PBXFileReference; lastKnownFileType = sourcecode.swift; path = AppDelegate.swift; sourceTree = "<group>"; };
		A616717F1A6A2B8700AF0163 /* SwiftStudyVol3.xcdatamodel */ = {isa = PBXFileReference; lastKnownFileType = wrapper.xcdatamodel; path = SwiftStudyVol3.xcdatamodel; sourceTree = "<group>"; };
		A61671811A6A2B8700AF0163 /* ViewController.swift */ = {isa = PBXFileReference; lastKnownFileType = sourcecode.swift; path = ViewController.swift; sourceTree = "<group>"; };
		A61671841A6A2B8700AF0163 /* Base */ = {isa = PBXFileReference; lastKnownFileType = file.storyboard; name = Base; path = Base.lproj/Main.storyboard; sourceTree = "<group>"; };
		A61671861A6A2B8700AF0163 /* Images.xcassets */ = {isa = PBXFileReference; lastKnownFileType = folder.assetcatalog; path = Images.xcassets; sourceTree = "<group>"; };
		A61671891A6A2B8700AF0163 /* Base */ = {isa = PBXFileReference; lastKnownFileType = file.xib; name = Base; path = Base.lproj/LaunchScreen.xib; sourceTree = "<group>"; };
		A616718F1A6A2B8700AF0163 /* SwiftStudyVol3Tests.xctest */ = {isa = PBXFileReference; explicitFileType = wrapper.cfbundle; includeInIndex = 0; path = SwiftStudyVol3Tests.xctest; sourceTree = BUILT_PRODUCTS_DIR; };
		A61671941A6A2B8700AF0163 /* Info.plist */ = {isa = PBXFileReference; lastKnownFileType = text.plist.xml; path = Info.plist; sourceTree = "<group>"; };
		A61671951A6A2B8700AF0163 /* SwiftStudyVol3Tests.swift */ = {isa = PBXFileReference; lastKnownFileType = sourcecode.swift; path = SwiftStudyVol3Tests.swift; sourceTree = "<group>"; };
		A616719F1A6A2BB300AF0163 /* ViewControllerA.swift */ = {isa = PBXFileReference; fileEncoding = 4; lastKnownFileType = sourcecode.swift; path = ViewControllerA.swift; sourceTree = "<group>"; };
		A61671A11A6A2BBE00AF0163 /* ViewControllerB.swift */ = {isa = PBXFileReference; fileEncoding = 4; lastKnownFileType = sourcecode.swift; path = ViewControllerB.swift; sourceTree = "<group>"; };
/* End PBXFileReference section */

/* Begin PBXFrameworksBuildPhase section */
		A61671741A6A2B8700AF0163 /* Frameworks */ = {
			isa = PBXFrameworksBuildPhase;
			buildActionMask = 2147483647;
			files = (
			);
			runOnlyForDeploymentPostprocessing = 0;
		};
		A616718C1A6A2B8700AF0163 /* Frameworks */ = {
			isa = PBXFrameworksBuildPhase;
			buildActionMask = 2147483647;
			files = (
			);
			runOnlyForDeploymentPostprocessing = 0;
		};
/* End PBXFrameworksBuildPhase section */

/* Begin PBXGroup section */
		A616716E1A6A2B8700AF0163 = {
			isa = PBXGroup;
			children = (
				A61671791A6A2B8700AF0163 /* SwiftStudyVol3 */,
				A61671921A6A2B8700AF0163 /* SwiftStudyVol3Tests */,
				A61671781A6A2B8700AF0163 /* Products */,
			);
			sourceTree = "<group>";
		};
		A61671781A6A2B8700AF0163 /* Products */ = {
			isa = PBXGroup;
			children = (
				A61671771A6A2B8700AF0163 /* SwiftStudyVol3.app */,
				A616718F1A6A2B8700AF0163 /* SwiftStudyVol3Tests.xctest */,
			);
			name = Products;
			sourceTree = "<group>";
		};
		A61671791A6A2B8700AF0163 /* SwiftStudyVol3 */ = {
			isa = PBXGroup;
			children = (
				A616717C1A6A2B8700AF0163 /* AppDelegate.swift */,
				A61671811A6A2B8700AF0163 /* ViewController.swift */,
				A616719F1A6A2BB300AF0163 /* ViewControllerA.swift */,
				A61671A11A6A2BBE00AF0163 /* ViewControllerB.swift */,
				A61671831A6A2B8700AF0163 /* Main.storyboard */,
				A61671861A6A2B8700AF0163 /* Images.xcassets */,
				A61671881A6A2B8700AF0163 /* LaunchScreen.xib */,
				A616717E1A6A2B8700AF0163 /* SwiftStudyVol3.xcdatamodeld */,
				A616717A1A6A2B8700AF0163 /* Supporting Files */,
			);
			path = SwiftStudyVol3;
			sourceTree = "<group>";
		};
		A616717A1A6A2B8700AF0163 /* Supporting Files */ = {
			isa = PBXGroup;
			children = (
				A616717B1A6A2B8700AF0163 /* Info.plist */,
			);
			name = "Supporting Files";
			sourceTree = "<group>";
		};
		A61671921A6A2B8700AF0163 /* SwiftStudyVol3Tests */ = {
			isa = PBXGroup;
			children = (
				A61671951A6A2B8700AF0163 /* SwiftStudyVol3Tests.swift */,
				A61671931A6A2B8700AF0163 /* Supporting Files */,
			);
			path = SwiftStudyVol3Tests;
			sourceTree = "<group>";
		};
		A61671931A6A2B8700AF0163 /* Supporting Files */ = {
			isa = PBXGroup;
			children = (
				A61671941A6A2B8700AF0163 /* Info.plist */,
			);
			name = "Supporting Files";
			sourceTree = "<group>";
		};
/* End PBXGroup section */

/* Begin PBXNativeTarget section */
		A61671761A6A2B8700AF0163 /* SwiftStudyVol3 */ = {
			isa = PBXNativeTarget;
			buildConfigurationList = A61671991A6A2B8700AF0163 /* Build configuration list for PBXNativeTarget "SwiftStudyVol3" */;
			buildPhases = (
				A61671731A6A2B8700AF0163 /* Sources */,
				A61671741A6A2B8700AF0163 /* Frameworks */,
				A61671751A6A2B8700AF0163 /* Resources */,
			);
			buildRules = (
			);
			dependencies = (
			);
			name = SwiftStudyVol3;
			productName = SwiftStudyVol3;
			productReference = A61671771A6A2B8700AF0163 /* SwiftStudyVol3.app */;
			productType = "com.apple.product-type.application";
		};
		A616718E1A6A2B8700AF0163 /* SwiftStudyVol3Tests */ = {
			isa = PBXNativeTarget;
			buildConfigurationList = A616719C1A6A2B8700AF0163 /* Build configuration list for PBXNativeTarget "SwiftStudyVol3Tests" */;
			buildPhases = (
				A616718B1A6A2B8700AF0163 /* Sources */,
				A616718C1A6A2B8700AF0163 /* Frameworks */,
				A616718D1A6A2B8700AF0163 /* Resources */,
			);
			buildRules = (
			);
			dependencies = (
				A61671911A6A2B8700AF0163 /* PBXTargetDependency */,
			);
			name = SwiftStudyVol3Tests;
			productName = SwiftStudyVol3Tests;
			productReference = A616718F1A6A2B8700AF0163 /* SwiftStudyVol3Tests.xctest */;
			productType = "com.apple.product-type.bundle.unit-test";
		};
/* End PBXNativeTarget section */

/* Begin PBXProject section */
		A616716F1A6A2B8700AF0163 /* Project object */ = {
			isa = PBXProject;
			attributes = {
				LastUpgradeCheck = 0610;
				ORGANIZATIONNAME = "hiro nagami";
				TargetAttributes = {
					A61671761A6A2B8700AF0163 = {
						CreatedOnToolsVersion = 6.1.1;
					};
					A616718E1A6A2B8700AF0163 = {
						CreatedOnToolsVersion = 6.1.1;
						TestTargetID = A61671761A6A2B8700AF0163;
					};
				};
			};
			buildConfigurationList = A61671721A6A2B8700AF0163 /* Build configuration list for PBXProject "SwiftStudyVol3" */;
			compatibilityVersion = "Xcode 3.2";
			developmentRegion = English;
			hasScannedForEncodings = 0;
			knownRegions = (
				en,
				Base,
			);
			mainGroup = A616716E1A6A2B8700AF0163;
			productRefGroup = A61671781A6A2B8700AF0163 /* Products */;
			projectDirPath = "";
			projectRoot = "";
			targets = (
				A61671761A6A2B8700AF0163 /* SwiftStudyVol3 */,
				A616718E1A6A2B8700AF0163 /* SwiftStudyVol3Tests */,
			);
		};
/* End PBXProject section */

/* Begin PBXResourcesBuildPhase section */
		A61671751A6A2B8700AF0163 /* Resources */ = {
			isa = PBXResourcesBuildPhase;
			buildActionMask = 2147483647;
			files = (
				A61671851A6A2B8700AF0163 /* Main.storyboard in Resources */,
				A616718A1A6A2B8700AF0163 /* LaunchScreen.xib in Resources */,
				A61671871A6A2B8700AF0163 /* Images.xcassets in Resources */,
			);
			runOnlyForDeploymentPostprocessing = 0;
		};
		A616718D1A6A2B8700AF0163 /* Resources */ = {
			isa = PBXResourcesBuildPhase;
			buildActionMask = 2147483647;
			files = (
			);
			runOnlyForDeploymentPostprocessing = 0;
		};
/* End PBXResourcesBuildPhase section */

/* Begin PBXSourcesBuildPhase section */
		A61671731A6A2B8700AF0163 /* Sources */ = {
			isa = PBXSourcesBuildPhase;
			buildActionMask = 2147483647;
			files = (
				A61671A01A6A2BB300AF0163 /* ViewControllerA.swift in Sources */,
				A61671821A6A2B8700AF0163 /* ViewController.swift in Sources */,
				A61671A21A6A2BBE00AF0163 /* ViewControllerB.swift in Sources */,
				A616717D1A6A2B8700AF0163 /* AppDelegate.swift in Sources */,
				A61671801A6A2B8700AF0163 /* SwiftStudyVol3.xcdatamodeld in Sources */,
			);
			runOnlyForDeploymentPostprocessing = 0;
		};
		A616718B1A6A2B8700AF0163 /* Sources */ = {
			isa = PBXSourcesBuildPhase;
			buildActionMask = 2147483647;
			files = (
				A61671961A6A2B8700AF0163 /* SwiftStudyVol3Tests.swift in Sources */,
			);
			runOnlyForDeploymentPostprocessing = 0;
		};
/* End PBXSourcesBuildPhase section */

/* Begin PBXTargetDependency section */
		A61671911A6A2B8700AF0163 /* PBXTargetDependency */ = {
			isa = PBXTargetDependency;
			target = A61671761A6A2B8700AF0163 /* SwiftStudyVol3 */;
			targetProxy = A61671901A6A2B8700AF0163 /* PBXContainerItemProxy */;
		};
/* End PBXTargetDependency section */

/* Begin PBXVariantGroup section */
		A61671831A6A2B8700AF0163 /* Main.storyboard */ = {
			isa = PBXVariantGroup;
			children = (
				A61671841A6A2B8700AF0163 /* Base */,
			);
			name = Main.storyboard;
			sourceTree = "<group>";
		};
		A61671881A6A2B8700AF0163 /* LaunchScreen.xib */ = {
			isa = PBXVariantGroup;
			children = (
				A61671891A6A2B8700AF0163 /* Base */,
			);
			name = LaunchScreen.xib;
			sourceTree = "<group>";
		};
/* End PBXVariantGroup section */

/* Begin XCBuildConfiguration section */
		A61671971A6A2B8700AF0163 /* Debug */ = {
			isa = XCBuildConfiguration;
			buildSettings = {
				ALWAYS_SEARCH_USER_PATHS = NO;
				CLANG_CXX_LANGUAGE_STANDARD = "gnu++0x";
				CLANG_CXX_LIBRARY = "libc++";
				CLANG_ENABLE_MODULES = YES;
				CLANG_ENABLE_OBJC_ARC = YES;
				CLANG_WARN_BOOL_CONVERSION = YES;
				CLANG_WARN_CONSTANT_CONVERSION = YES;
				CLANG_WARN_DIRECT_OBJC_ISA_USAGE = YES_ERROR;
				CLANG_WARN_EMPTY_BODY = YES;
				CLANG_WARN_ENUM_CONVERSION = YES;
				CLANG_WARN_INT_CONVERSION = YES;
				CLANG_WARN_OBJC_ROOT_CLASS = YES_ERROR;
				CLANG_WARN_UNREACHABLE_CODE = YES;
				CLANG_WARN__DUPLICATE_METHOD_MATCH = YES;
				"CODE_SIGN_IDENTITY[sdk=iphoneos*]" = "iPhone Developer";
				COPY_PHASE_STRIP = NO;
				ENABLE_STRICT_OBJC_MSGSEND = YES;
				GCC_C_LANGUAGE_STANDARD = gnu99;
				GCC_DYNAMIC_NO_PIC = NO;
				GCC_OPTIMIZATION_LEVEL = 0;
				GCC_PREPROCESSOR_DEFINITIONS = (
					"DEBUG=1",
					"$(inherited)",
				);
				GCC_SYMBOLS_PRIVATE_EXTERN = NO;
				GCC_WARN_64_TO_32_BIT_CONVERSION = YES;
				GCC_WARN_ABOUT_RETURN_TYPE = YES_ERROR;
				GCC_WARN_UNDECLARED_SELECTOR = YES;
				GCC_WARN_UNINITIALIZED_AUTOS = YES_AGGRESSIVE;
				GCC_WARN_UNUSED_FUNCTION = YES;
				GCC_WARN_UNUSED_VARIABLE = YES;
				IPHONEOS_DEPLOYMENT_TARGET = 8.1;
				MTL_ENABLE_DEBUG_INFO = YES;
				ONLY_ACTIVE_ARCH = YES;
				SDKROOT = iphoneos;
				SWIFT_OPTIMIZATION_LEVEL = "-Onone";
			};
			name = Debug;
		};
		A61671981A6A2B8700AF0163 /* Release */ = {
			isa = XCBuildConfiguration;
			buildSettings = {
				ALWAYS_SEARCH_USER_PATHS = NO;
				CLANG_CXX_LANGUAGE_STANDARD = "gnu++0x";
				CLANG_CXX_LIBRARY = "libc++";
				CLANG_ENABLE_MODULES = YES;
				CLANG_ENABLE_OBJC_ARC = YES;
				CLANG_WARN_BOOL_CONVERSION = YES;
				CLANG_WARN_CONSTANT_CONVERSION = YES;
				CLANG_WARN_DIRECT_OBJC_ISA_USAGE = YES_ERROR;
				CLANG_WARN_EMPTY_BODY = YES;
				CLANG_WARN_ENUM_CONVERSION = YES;
				CLANG_WARN_INT_CONVERSION = YES;
				CLANG_WARN_OBJC_ROOT_CLASS = YES_ERROR;
				CLANG_WARN_UNREACHABLE_CODE = YES;
				CLANG_WARN__DUPLICATE_METHOD_MATCH = YES;
				"CODE_SIGN_IDENTITY[sdk=iphoneos*]" = "iPhone Developer";
				COPY_PHASE_STRIP = YES;
				ENABLE_NS_ASSERTIONS = NO;
				ENABLE_STRICT_OBJC_MSGSEND = YES;
				GCC_C_LANGUAGE_STANDARD = gnu99;
				GCC_WARN_64_TO_32_BIT_CONVERSION = YES;
				GCC_WARN_ABOUT_RETURN_TYPE = YES_ERROR;
				GCC_WARN_UNDECLARED_SELECTOR = YES;
				GCC_WARN_UNINITIALIZED_AUTOS = YES_AGGRESSIVE;
				GCC_WARN_UNUSED_FUNCTION = YES;
				GCC_WARN_UNUSED_VARIABLE = YES;
				IPHONEOS_DEPLOYMENT_TARGET = 8.1;
				MTL_ENABLE_DEBUG_INFO = NO;
				SDKROOT = iphoneos;
				VALIDATE_PRODUCT = YES;
			};
			name = Release;
		};
		A616719A1A6A2B8700AF0163 /* Debug */ = {
			isa = XCBuildConfiguration;
			buildSettings = {
				ASSETCATALOG_COMPILER_APPICON_NAME = AppIcon;
				INFOPLIST_FILE = SwiftStudyVol3/Info.plist;
				LD_RUNPATH_SEARCH_PATHS = "$(inherited) @executable_path/Frameworks";
				PRODUCT_NAME = "$(TARGET_NAME)";
			};
			name = Debug;
		};
		A616719B1A6A2B8700AF0163 /* Release */ = {
			isa = XCBuildConfiguration;
			buildSettings = {
				ASSETCATALOG_COMPILER_APPICON_NAME = AppIcon;
				INFOPLIST_FILE = SwiftStudyVol3/Info.plist;
				LD_RUNPATH_SEARCH_PATHS = "$(inherited) @executable_path/Frameworks";
				PRODUCT_NAME = "$(TARGET_NAME)";
			};
			name = Release;
		};
		A616719D1A6A2B8700AF0163 /* Debug */ = {
			isa = XCBuildConfiguration;
			buildSettings = {
				BUNDLE_LOADER = "$(TEST_HOST)";
				FRAMEWORK_SEARCH_PATHS = (
					"$(SDKROOT)/Developer/Library/Frameworks",
					"$(inherited)",
				);
				GCC_PREPROCESSOR_DEFINITIONS = (
					"DEBUG=1",
					"$(inherited)",
				);
				INFOPLIST_FILE = SwiftStudyVol3Tests/Info.plist;
				LD_RUNPATH_SEARCH_PATHS = "$(inherited) @executable_path/Frameworks @loader_path/Frameworks";
				PRODUCT_NAME = "$(TARGET_NAME)";
				TEST_HOST = "$(BUILT_PRODUCTS_DIR)/SwiftStudyVol3.app/SwiftStudyVol3";
			};
			name = Debug;
		};
		A616719E1A6A2B8700AF0163 /* Release */ = {
			isa = XCBuildConfiguration;
			buildSettings = {
				BUNDLE_LOADER = "$(TEST_HOST)";
				FRAMEWORK_SEARCH_PATHS = (
					"$(SDKROOT)/Developer/Library/Frameworks",
					"$(inherited)",
				);
				INFOPLIST_FILE = SwiftStudyVol3Tests/Info.plist;
				LD_RUNPATH_SEARCH_PATHS = "$(inherited) @executable_path/Frameworks @loader_path/Frameworks";
				PRODUCT_NAME = "$(TARGET_NAME)";
				TEST_HOST = "$(BUILT_PRODUCTS_DIR)/SwiftStudyVol3.app/SwiftStudyVol3";
			};
			name = Release;
		};
/* End XCBuildConfiguration section */

/* Begin XCConfigurationList section */
		A61671721A6A2B8700AF0163 /* Build configuration list for PBXProject "SwiftStudyVol3" */ = {
			isa = XCConfigurationList;
			buildConfigurations = (
				A61671971A6A2B8700AF0163 /* Debug */,
				A61671981A6A2B8700AF0163 /* Release */,
			);
			defaultConfigurationIsVisible = 0;
			defaultConfigurationName = Release;
		};
		A61671991A6A2B8700AF0163 /* Build configuration list for PBXNativeTarget "SwiftStudyVol3" */ = {
			isa = XCConfigurationList;
			buildConfigurations = (
				A616719A1A6A2B8700AF0163 /* Debug */,
				A616719B1A6A2B8700AF0163 /* Release */,
			);
			defaultConfigurationIsVisible = 0;
		};
		A616719C1A6A2B8700AF0163 /* Build configuration list for PBXNativeTarget "SwiftStudyVol3Tests" */ = {
			isa = XCConfigurationList;
			buildConfigurations = (
				A616719D1A6A2B8700AF0163 /* Debug */,
				A616719E1A6A2B8700AF0163 /* Release */,
			);
			defaultConfigurationIsVisible = 0;
		};
/* End XCConfigurationList section */

/* Begin XCVersionGroup section */
		A616717E1A6A2B8700AF0163 /* SwiftStudyVol3.xcdatamodeld */ = {
			isa = XCVersionGroup;
			children = (
				A616717F1A6A2B8700AF0163 /* SwiftStudyVol3.xcdatamodel */,
			);
			currentVersion = A616717F1A6A2B8700AF0163 /* SwiftStudyVol3.xcdatamodel */;
			path = SwiftStudyVol3.xcdatamodeld;
			sourceTree = "<group>";
			versionGroupType = wrapper.xcdatamodel;
		};
/* End XCVersionGroup section */
	};
	rootObject = A616716F1A6A2B8700AF0163 /* Project object */;
}
